{
  "requires": true,
  "lockfileVersion": 1,
  "dependencies": {
    "crc-full": {
      "version": "1.0.0",
      "resolved": "https://registry.npmjs.org/crc-full/-/crc-full-1.0.0.tgz",
      "integrity": "sha512-OnAf1kiYaoMlTI6mJhzuCJQfaXBGY8hpfCaqgK4Df8zGddgzcgGjlYR1lDiNCirWyui4Wbf6MePNLVDJN76Bvw=="
    }
  }
}
